// !$*UTF8*$!
{
	archiveVersion = 1;
	classes = {
	};
	objectVersion = 50;
	objects = {

/* Begin PBXBuildFile section */
		3BB1D98C212FA1E5007FEB03 /* AppDelegate.swift in Sources */ = {isa = PBXBuildFile; fileRef = 3BB1D98B212FA1E5007FEB03 /* AppDelegate.swift */; };
		3BB1D991212FA1E5007FEB03 /* Main.storyboard in Resources */ = {isa = PBXBuildFile; fileRef = 3BB1D98F212FA1E5007FEB03 /* Main.storyboard */; };
		3BB1D993212FA1E7007FEB03 /* Assets.xcassets in Resources */ = {isa = PBXBuildFile; fileRef = 3BB1D992212FA1E7007FEB03 /* Assets.xcassets */; };
		3BB1D996212FA1E7007FEB03 /* LaunchScreen.storyboard in Resources */ = {isa = PBXBuildFile; fileRef = 3BB1D994212FA1E7007FEB03 /* LaunchScreen.storyboard */; };
		3BB1D9A3212FA665007FEB03 /* CouponTracker.xcdatamodeld in Sources */ = {isa = PBXBuildFile; fileRef = 3BB1D9A1212FA665007FEB03 /* CouponTracker.xcdatamodeld */; };
		3BB1D9A5212FA840007FEB03 /* CoreDataStack.swift in Sources */ = {isa = PBXBuildFile; fileRef = 3BB1D9A4212FA840007FEB03 /* CoreDataStack.swift */; };
		3BB1D9A7212FA870007FEB03 /* Coupon+Convenience.swift in Sources */ = {isa = PBXBuildFile; fileRef = 3BB1D9A6212FA870007FEB03 /* Coupon+Convenience.swift */; };
		3BB1D9A9212FA8E4007FEB03 /* CouponController.swift in Sources */ = {isa = PBXBuildFile; fileRef = 3BB1D9A8212FA8E4007FEB03 /* CouponController.swift */; };
		3BB1D9AB212FA9B1007FEB03 /* CouponListTableViewController.swift in Sources */ = {isa = PBXBuildFile; fileRef = 3BB1D9AA212FA9B1007FEB03 /* CouponListTableViewController.swift */; };
		3BB1D9AE21307F2B007FEB03 /* CouponTableViewCell.swift in Sources */ = {isa = PBXBuildFile; fileRef = 3BB1D9AD21307F2B007FEB03 /* CouponTableViewCell.swift */; };
		3BB1D9B0213080AF007FEB03 /* CouponDetailViewController.swift in Sources */ = {isa = PBXBuildFile; fileRef = 3BB1D9AF213080AF007FEB03 /* CouponDetailViewController.swift */; };
		3BB1D9B321320D63007FEB03 /* ShiftableViewController.swift in Sources */ = {isa = PBXBuildFile; fileRef = 3BB1D9B221320D63007FEB03 /* ShiftableViewController.swift */; };
/* End PBXBuildFile section */

/* Begin PBXFileReference section */
		3B727890216FB8DF00DC8FD0 /* CouponTracker 3.xcdatamodel */ = {isa = PBXFileReference; lastKnownFileType = wrapper.xcdatamodel; path = "CouponTracker 3.xcdatamodel"; sourceTree = "<group>"; };
		3BB1D988212FA1E5007FEB03 /* CouponTracker.app */ = {isa = PBXFileReference; explicitFileType = wrapper.application; includeInIndex = 0; path = CouponTracker.app; sourceTree = BUILT_PRODUCTS_DIR; };
		3BB1D98B212FA1E5007FEB03 /* AppDelegate.swift */ = {isa = PBXFileReference; lastKnownFileType = sourcecode.swift; path = AppDelegate.swift; sourceTree = "<group>"; };
		3BB1D990212FA1E5007FEB03 /* Base */ = {isa = PBXFileReference; lastKnownFileType = file.storyboard; name = Base; path = Base.lproj/Main.storyboard; sourceTree = "<group>"; };
		3BB1D992212FA1E7007FEB03 /* Assets.xcassets */ = {isa = PBXFileReference; lastKnownFileType = folder.assetcatalog; path = Assets.xcassets; sourceTree = "<group>"; };
		3BB1D995212FA1E7007FEB03 /* Base */ = {isa = PBXFileReference; lastKnownFileType = file.storyboard; name = Base; path = Base.lproj/LaunchScreen.storyboard; sourceTree = "<group>"; };
		3BB1D997212FA1E7007FEB03 /* Info.plist */ = {isa = PBXFileReference; lastKnownFileType = text.plist.xml; path = Info.plist; sourceTree = "<group>"; };
		3BB1D9A2212FA665007FEB03 /* CouponTracker.xcdatamodel */ = {isa = PBXFileReference; lastKnownFileType = wrapper.xcdatamodel; path = CouponTracker.xcdatamodel; sourceTree = "<group>"; };
		3BB1D9A4212FA840007FEB03 /* CoreDataStack.swift */ = {isa = PBXFileReference; lastKnownFileType = sourcecode.swift; path = CoreDataStack.swift; sourceTree = "<group>"; };
		3BB1D9A6212FA870007FEB03 /* Coupon+Convenience.swift */ = {isa = PBXFileReference; lastKnownFileType = sourcecode.swift; path = "Coupon+Convenience.swift"; sourceTree = "<group>"; };
		3BB1D9A8212FA8E4007FEB03 /* CouponController.swift */ = {isa = PBXFileReference; lastKnownFileType = sourcecode.swift; path = CouponController.swift; sourceTree = "<group>"; };
		3BB1D9AA212FA9B1007FEB03 /* CouponListTableViewController.swift */ = {isa = PBXFileReference; lastKnownFileType = sourcecode.swift; path = CouponListTableViewController.swift; sourceTree = "<group>"; };
		3BB1D9AD21307F2B007FEB03 /* CouponTableViewCell.swift */ = {isa = PBXFileReference; lastKnownFileType = sourcecode.swift; path = CouponTableViewCell.swift; sourceTree = "<group>"; };
		3BB1D9AF213080AF007FEB03 /* CouponDetailViewController.swift */ = {isa = PBXFileReference; lastKnownFileType = sourcecode.swift; path = CouponDetailViewController.swift; sourceTree = "<group>"; };
		3BB1D9B1213208ED007FEB03 /* CouponTracker 2.xcdatamodel */ = {isa = PBXFileReference; lastKnownFileType = wrapper.xcdatamodel; path = "CouponTracker 2.xcdatamodel"; sourceTree = "<group>"; };
		3BB1D9B221320D63007FEB03 /* ShiftableViewController.swift */ = {isa = PBXFileReference; lastKnownFileType = sourcecode.swift; path = ShiftableViewController.swift; sourceTree = "<group>"; };
/* End PBXFileReference section */

/* Begin PBXFrameworksBuildPhase section */
		3BB1D985212FA1E5007FEB03 /* Frameworks */ = {
			isa = PBXFrameworksBuildPhase;
			buildActionMask = 2147483647;
			files = (
			);
			runOnlyForDeploymentPostprocessing = 0;
		};
/* End PBXFrameworksBuildPhase section */

/* Begin PBXGroup section */
		3BB1D97F212FA1E5007FEB03 = {
			isa = PBXGroup;
			children = (
				3BB1D98A212FA1E5007FEB03 /* CouponTracker */,
				3BB1D989212FA1E5007FEB03 /* Products */,
			);
			sourceTree = "<group>";
		};
		3BB1D989212FA1E5007FEB03 /* Products */ = {
			isa = PBXGroup;
			children = (
				3BB1D988212FA1E5007FEB03 /* CouponTracker.app */,
			);
			name = Products;
			sourceTree = "<group>";
		};
		3BB1D98A212FA1E5007FEB03 /* CouponTracker */ = {
			isa = PBXGroup;
			children = (
				3BB1D9AC21307F1B007FEB03 /* Views */,
				3BB1D9A0212FA643007FEB03 /* View Controllers */,
				3BB1D99F212FA63B007FEB03 /* Model Controllers */,
				3BB1D99E212FA633007FEB03 /* Models */,
				3BB1D99D212FA616007FEB03 /* Resources */,
			);
			path = CouponTracker;
			sourceTree = "<group>";
		};
		3BB1D99D212FA616007FEB03 /* Resources */ = {
			isa = PBXGroup;
			children = (
				3BB1D98B212FA1E5007FEB03 /* AppDelegate.swift */,
				3BB1D992212FA1E7007FEB03 /* Assets.xcassets */,
				3BB1D994212FA1E7007FEB03 /* LaunchScreen.storyboard */,
				3BB1D997212FA1E7007FEB03 /* Info.plist */,
				3BB1D9B221320D63007FEB03 /* ShiftableViewController.swift */,
			);
			path = Resources;
			sourceTree = "<group>";
		};
		3BB1D99E212FA633007FEB03 /* Models */ = {
			isa = PBXGroup;
			children = (
				3BB1D9A1212FA665007FEB03 /* CouponTracker.xcdatamodeld */,
				3BB1D9A4212FA840007FEB03 /* CoreDataStack.swift */,
				3BB1D9A6212FA870007FEB03 /* Coupon+Convenience.swift */,
			);
			path = Models;
			sourceTree = "<group>";
		};
		3BB1D99F212FA63B007FEB03 /* Model Controllers */ = {
			isa = PBXGroup;
			children = (
				3BB1D9A8212FA8E4007FEB03 /* CouponController.swift */,
			);
			path = "Model Controllers";
			sourceTree = "<group>";
		};
		3BB1D9A0212FA643007FEB03 /* View Controllers */ = {
			isa = PBXGroup;
			children = (
				3BB1D9AA212FA9B1007FEB03 /* CouponListTableViewController.swift */,
				3BB1D9AF213080AF007FEB03 /* CouponDetailViewController.swift */,
			);
			path = "View Controllers";
			sourceTree = "<group>";
		};
		3BB1D9AC21307F1B007FEB03 /* Views */ = {
			isa = PBXGroup;
			children = (
				3BB1D98F212FA1E5007FEB03 /* Main.storyboard */,
				3BB1D9AD21307F2B007FEB03 /* CouponTableViewCell.swift */,
			);
			path = Views;
			sourceTree = "<group>";
		};
/* End PBXGroup section */

/* Begin PBXNativeTarget section */
		3BB1D987212FA1E5007FEB03 /* CouponTracker */ = {
			isa = PBXNativeTarget;
			buildConfigurationList = 3BB1D99A212FA1E7007FEB03 /* Build configuration list for PBXNativeTarget "CouponTracker" */;
			buildPhases = (
				3BB1D984212FA1E5007FEB03 /* Sources */,
				3BB1D985212FA1E5007FEB03 /* Frameworks */,
				3BB1D986212FA1E5007FEB03 /* Resources */,
			);
			buildRules = (
			);
			dependencies = (
			);
			name = CouponTracker;
			productName = CouponTracker;
			productReference = 3BB1D988212FA1E5007FEB03 /* CouponTracker.app */;
			productType = "com.apple.product-type.application";
		};
/* End PBXNativeTarget section */

/* Begin PBXProject section */
		3BB1D980212FA1E5007FEB03 /* Project object */ = {
			isa = PBXProject;
			attributes = {
				LastSwiftUpdateCheck = 0940;
				LastUpgradeCheck = 0940;
				ORGANIZATIONNAME = JfMetcalf;
				TargetAttributes = {
					3BB1D987212FA1E5007FEB03 = {
						CreatedOnToolsVersion = 9.4.1;
					};
				};
			};
			buildConfigurationList = 3BB1D983212FA1E5007FEB03 /* Build configuration list for PBXProject "CouponTracker" */;
			compatibilityVersion = "Xcode 9.3";
			developmentRegion = en;
			hasScannedForEncodings = 0;
			knownRegions = (
				en,
				Base,
			);
			mainGroup = 3BB1D97F212FA1E5007FEB03;
			productRefGroup = 3BB1D989212FA1E5007FEB03 /* Products */;
			projectDirPath = "";
			projectRoot = "";
			targets = (
				3BB1D987212FA1E5007FEB03 /* CouponTracker */,
			);
		};
/* End PBXProject section */

/* Begin PBXResourcesBuildPhase section */
		3BB1D986212FA1E5007FEB03 /* Resources */ = {
			isa = PBXResourcesBuildPhase;
			buildActionMask = 2147483647;
			files = (
				3BB1D996212FA1E7007FEB03 /* LaunchScreen.storyboard in Resources */,
				3BB1D993212FA1E7007FEB03 /* Assets.xcassets in Resources */,
				3BB1D991212FA1E5007FEB03 /* Main.storyboard in Resources */,
			);
			runOnlyForDeploymentPostprocessing = 0;
		};
/* End PBXResourcesBuildPhase section */

/* Begin PBXSourcesBuildPhase section */
		3BB1D984212FA1E5007FEB03 /* Sources */ = {
			isa = PBXSourcesBuildPhase;
			buildActionMask = 2147483647;
			files = (
				3BB1D9A5212FA840007FEB03 /* CoreDataStack.swift in Sources */,
				3BB1D9A3212FA665007FEB03 /* CouponTracker.xcdatamodeld in Sources */,
				3BB1D9B0213080AF007FEB03 /* CouponDetailViewController.swift in Sources */,
				3BB1D98C212FA1E5007FEB03 /* AppDelegate.swift in Sources */,
				3BB1D9A7212FA870007FEB03 /* Coupon+Convenience.swift in Sources */,
				3BB1D9A9212FA8E4007FEB03 /* CouponController.swift in Sources */,
				3BB1D9AE21307F2B007FEB03 /* CouponTableViewCell.swift in Sources */,
				3BB1D9B321320D63007FEB03 /* ShiftableViewController.swift in Sources */,
				3BB1D9AB212FA9B1007FEB03 /* CouponListTableViewController.swift in Sources */,
			);
			runOnlyForDeploymentPostprocessing = 0;
		};
/* End PBXSourcesBuildPhase section */

/* Begin PBXVariantGroup section */
		3BB1D98F212FA1E5007FEB03 /* Main.storyboard */ = {
			isa = PBXVariantGroup;
			children = (
				3BB1D990212FA1E5007FEB03 /* Base */,
			);
			name = Main.storyboard;
			sourceTree = "<group>";
		};
		3BB1D994212FA1E7007FEB03 /* LaunchScreen.storyboard */ = {
			isa = PBXVariantGroup;
			children = (
				3BB1D995212FA1E7007FEB03 /* Base */,
			);
			name = LaunchScreen.storyboard;
			sourceTree = "<group>";
		};
/* End PBXVariantGroup section */

/* Begin XCBuildConfiguration section */
		3BB1D998212FA1E7007FEB03 /* Debug */ = {
			isa = XCBuildConfiguration;
			buildSettings = {
				ALWAYS_SEARCH_USER_PATHS = NO;
				CLANG_ANALYZER_NONNULL = YES;
				CLANG_ANALYZER_NUMBER_OBJECT_CONVERSION = YES_AGGRESSIVE;
				CLANG_CXX_LANGUAGE_STANDARD = "gnu++14";
				CLANG_CXX_LIBRARY = "libc++";
				CLANG_ENABLE_MODULES = YES;
				CLANG_ENABLE_OBJC_ARC = YES;
				CLANG_ENABLE_OBJC_WEAK = YES;
				CLANG_WARN_BLOCK_CAPTURE_AUTORELEASING = YES;
				CLANG_WARN_BOOL_CONVERSION = YES;
				CLANG_WARN_COMMA = YES;
				CLANG_WARN_CONSTANT_CONVERSION = YES;
				CLANG_WARN_DEPRECATED_OBJC_IMPLEMENTATIONS = YES;
				CLANG_WARN_DIRECT_OBJC_ISA_USAGE = YES_ERROR;
				CLANG_WARN_DOCUMENTATION_COMMENTS = YES;
				CLANG_WARN_EMPTY_BODY = YES;
				CLANG_WARN_ENUM_CONVERSION = YES;
				CLANG_WARN_INFINITE_RECURSION = YES;
				CLANG_WARN_INT_CONVERSION = YES;
				CLANG_WARN_NON_LITERAL_NULL_CONVERSION = YES;
				CLANG_WARN_OBJC_IMPLICIT_RETAIN_SELF = YES;
				CLANG_WARN_OBJC_LITERAL_CONVERSION = YES;
				CLANG_WARN_OBJC_ROOT_CLASS = YES_ERROR;
				CLANG_WARN_RANGE_LOOP_ANALYSIS = YES;
				CLANG_WARN_STRICT_PROTOTYPES = YES;
				CLANG_WARN_SUSPICIOUS_MOVE = YES;
				CLANG_WARN_UNGUARDED_AVAILABILITY = YES_AGGRESSIVE;
				CLANG_WARN_UNREACHABLE_CODE = YES;
				CLANG_WARN__DUPLICATE_METHOD_MATCH = YES;
				CODE_SIGN_IDENTITY = "iPhone Developer";
				COPY_PHASE_STRIP = NO;
				DEBUG_INFORMATION_FORMAT = dwarf;
				ENABLE_STRICT_OBJC_MSGSEND = YES;
				ENABLE_TESTABILITY = YES;
				GCC_C_LANGUAGE_STANDARD = gnu11;
				GCC_DYNAMIC_NO_PIC = NO;
				GCC_NO_COMMON_BLOCKS = YES;
				GCC_OPTIMIZATION_LEVEL = 0;
				GCC_PREPROCESSOR_DEFINITIONS = (
					"DEBUG=1",
					"$(inherited)",
				);
				GCC_WARN_64_TO_32_BIT_CONVERSION = YES;
				GCC_WARN_ABOUT_RETURN_TYPE = YES_ERROR;
				GCC_WARN_UNDECLARED_SELECTOR = YES;
				GCC_WARN_UNINITIALIZED_AUTOS = YES_AGGRESSIVE;
				GCC_WARN_UNUSED_FUNCTION = YES;
				GCC_WARN_UNUSED_VARIABLE = YES;
				IPHONEOS_DEPLOYMENT_TARGET = 11.4;
				MTL_ENABLE_DEBUG_INFO = YES;
				ONLY_ACTIVE_ARCH = YES;
				SDKROOT = iphoneos;
				SWIFT_ACTIVE_COMPILATION_CONDITIONS = DEBUG;
				SWIFT_OPTIMIZATION_LEVEL = "-Onone";
			};
			name = Debug;
		};
		3BB1D999212FA1E7007FEB03 /* Release */ = {
			isa = XCBuildConfiguration;
			buildSettings = {
				ALWAYS_SEARCH_USER_PATHS = NO;
				CLANG_ANALYZER_NONNULL = YES;
				CLANG_ANALYZER_NUMBER_OBJECT_CONVERSION = YES_AGGRESSIVE;
				CLANG_CXX_LANGUAGE_STANDARD = "gnu++14";
				CLANG_CXX_LIBRARY = "libc++";
				CLANG_ENABLE_MODULES = YES;
				CLANG_ENABLE_OBJC_ARC = YES;
				CLANG_ENABLE_OBJC_WEAK = YES;
				CLANG_WARN_BLOCK_CAPTURE_AUTORELEASING = YES;
				CLANG_WARN_BOOL_CONVERSION = YES;
				CLANG_WARN_COMMA = YES;
				CLANG_WARN_CONSTANT_CONVERSION = YES;
				CLANG_WARN_DEPRECATED_OBJC_IMPLEMENTATIONS = YES;
				CLANG_WARN_DIRECT_OBJC_ISA_USAGE = YES_ERROR;
				CLANG_WARN_DOCUMENTATION_COMMENTS = YES;
				CLANG_WARN_EMPTY_BODY = YES;
				CLANG_WARN_ENUM_CONVERSION = YES;
				CLANG_WARN_INFINITE_RECURSION = YES;
				CLANG_WARN_INT_CONVERSION = YES;
				CLANG_WARN_NON_LITERAL_NULL_CONVERSION = YES;
				CLANG_WARN_OBJC_IMPLICIT_RETAIN_SELF = YES;
				CLANG_WARN_OBJC_LITERAL_CONVERSION = YES;
				CLANG_WARN_OBJC_ROOT_CLASS = YES_ERROR;
				CLANG_WARN_RANGE_LOOP_ANALYSIS = YES;
				CLANG_WARN_STRICT_PROTOTYPES = YES;
				CLANG_WARN_SUSPICIOUS_MOVE = YES;
				CLANG_WARN_UNGUARDED_AVAILABILITY = YES_AGGRESSIVE;
				CLANG_WARN_UNREACHABLE_CODE = YES;
				CLANG_WARN__DUPLICATE_METHOD_MATCH = YES;
				CODE_SIGN_IDENTITY = "iPhone Developer";
				COPY_PHASE_STRIP = NO;
				DEBUG_INFORMATION_FORMAT = "dwarf-with-dsym";
				ENABLE_NS_ASSERTIONS = NO;
				ENABLE_STRICT_OBJC_MSGSEND = YES;
				GCC_C_LANGUAGE_STANDARD = gnu11;
				GCC_NO_COMMON_BLOCKS = YES;
				GCC_WARN_64_TO_32_BIT_CONVERSION = YES;
				GCC_WARN_ABOUT_RETURN_TYPE = YES_ERROR;
				GCC_WARN_UNDECLARED_SELECTOR = YES;
				GCC_WARN_UNINITIALIZED_AUTOS = YES_AGGRESSIVE;
				GCC_WARN_UNUSED_FUNCTION = YES;
				GCC_WARN_UNUSED_VARIABLE = YES;
				IPHONEOS_DEPLOYMENT_TARGET = 11.4;
				MTL_ENABLE_DEBUG_INFO = NO;
				SDKROOT = iphoneos;
				SWIFT_COMPILATION_MODE = wholemodule;
				SWIFT_OPTIMIZATION_LEVEL = "-O";
				VALIDATE_PRODUCT = YES;
			};
			name = Release;
		};
		3BB1D99B212FA1E7007FEB03 /* Debug */ = {
			isa = XCBuildConfiguration;
			buildSettings = {
				ASSETCATALOG_COMPILER_APPICON_NAME = AppIcon;
				CODE_SIGN_STYLE = Automatic;
				DEVELOPMENT_TEAM = MC2BEA2U5Y;
				INFOPLIST_FILE = "$(SRCROOT)/CouponTracker/Resources/Info.plist";
				LD_RUNPATH_SEARCH_PATHS = (
					"$(inherited)",
					"@executable_path/Frameworks",
				);
				PRODUCT_BUNDLE_IDENTIFIER = com.JfMetcalf.CouponTracker;
				PRODUCT_NAME = "$(TARGET_NAME)";
				SWIFT_VERSION = 4.0;
				TARGETED_DEVICE_FAMILY = "1,2";
			};
			name = Debug;
		};
		3BB1D99C212FA1E7007FEB03 /* Release */ = {
			isa = XCBuildConfiguration;
			buildSettings = {
				ASSETCATALOG_COMPILER_APPICON_NAME = AppIcon;
				CODE_SIGN_STYLE = Automatic;
				DEVELOPMENT_TEAM = MC2BEA2U5Y;
				INFOPLIST_FILE = "$(SRCROOT)/CouponTracker/Resources/Info.plist";
				LD_RUNPATH_SEARCH_PATHS = (
					"$(inherited)",
					"@executable_path/Frameworks",
				);
				PRODUCT_BUNDLE_IDENTIFIER = com.JfMetcalf.CouponTracker;
				PRODUCT_NAME = "$(TARGET_NAME)";
				SWIFT_VERSION = 4.0;
				TARGETED_DEVICE_FAMILY = "1,2";
			};
			name = Release;
		};
/* End XCBuildConfiguration section */

/* Begin XCConfigurationList section */
		3BB1D983212FA1E5007FEB03 /* Build configuration list for PBXProject "CouponTracker" */ = {
			isa = XCConfigurationList;
			buildConfigurations = (
				3BB1D998212FA1E7007FEB03 /* Debug */,
				3BB1D999212FA1E7007FEB03 /* Release */,
			);
			defaultConfigurationIsVisible = 0;
			defaultConfigurationName = Release;
		};
		3BB1D99A212FA1E7007FEB03 /* Build configuration list for PBXNativeTarget "CouponTracker" */ = {
			isa = XCConfigurationList;
			buildConfigurations = (
				3BB1D99B212FA1E7007FEB03 /* Debug */,
				3BB1D99C212FA1E7007FEB03 /* Release */,
			);
			defaultConfigurationIsVisible = 0;
			defaultConfigurationName = Release;
		};
/* End XCConfigurationList section */

/* Begin XCVersionGroup section */
		3BB1D9A1212FA665007FEB03 /* CouponTracker.xcdatamodeld */ = {
			isa = XCVersionGroup;
			children = (
				3B727890216FB8DF00DC8FD0 /* CouponTracker 3.xcdatamodel */,
				3BB1D9B1213208ED007FEB03 /* CouponTracker 2.xcdatamodel */,
				3BB1D9A2212FA665007FEB03 /* CouponTracker.xcdatamodel */,
			);
			currentVersion = 3B727890216FB8DF00DC8FD0 /* CouponTracker 3.xcdatamodel */;
			path = CouponTracker.xcdatamodeld;
			sourceTree = "<group>";
			versionGroupType = wrapper.xcdatamodel;
		};
/* End XCVersionGroup section */
	};
	rootObject = 3BB1D980212FA1E5007FEB03 /* Project object */;
}
